proto_outdir = "./third_party/proto"

[[dependencies]]
  target = "github.com/googleapis/api-common-protos"
  revision = "be41e82ef4af6406b4cf331af00a837f813c0c3b"
  branch = ""
  path = ""
  protocol = ""

[[dependencies]]
  target = "github.com/grpc-ecosystem/grpc-gateway/protoc-gen-openapiv2"
  revision = "bcc34ef50bda81faae5d4bbfca2e7ea8fe4700c8"
  branch = ""
  path = "protoc-gen-openapiv2"
  protocol = ""

[[dependencies]]
  target = "github.com/envoyproxy/protoc-gen-validate/validate"
  revision = "beba99e6f6dddee76f42751d2959d33a0775f324"
  branch = ""
  path = "protoc-gen-validate/validate"
  protocol = ""
